
Microsoft Visual Studio Solution File, Format Version 12.00
# Visual Studio Version 17
VisualStudioVersion = 17.5.33627.172
MinimumVisualStudioVersion = 10.0.40219.1
Project("{9A19103F-16F7-4668-BE54-9A1E7A4F7556}") = "DesignPatterns", "DesignPatterns\DesignPatterns.csproj", "{CF923DE9-334A-4E9E-904F-46506D5D7130}"
EndProject
Project("{9A19103F-16F7-4668-BE54-9A1E7A4F7556}") = "DesignPatterns.Client", "DesignPatterns.Client\DesignPatterns.Client.csproj", "{EC0FC468-8808-4625-99EE-13904B69BF2B}"
EndProject
Global
	GlobalSection(SolutionConfigurationPlatforms) = preSolution
		Debug|Any CPU = Debug|Any CPU
		Release|Any CPU = Release|Any CPU
	EndGlobalSection
	GlobalSection(ProjectConfigurationPlatforms) = postSolution
		{CF923DE9-334A-4E9E-904F-46506D5D7130}.Debug|Any CPU.ActiveCfg = Debug|Any CPU
		{CF923DE9-334A-4E9E-904F-46506D5D7130}.Debug|Any CPU.Build.0 = Debug|Any CPU
		{CF923DE9-334A-4E9E-904F-46506D5D7130}.Release|Any CPU.ActiveCfg = Release|Any CPU
		{CF923DE9-334A-4E9E-904F-46506D5D7130}.Release|Any CPU.Build.0 = Release|Any CPU
		{EC0FC468-8808-4625-99EE-13904B69BF2B}.Debug|Any CPU.ActiveCfg = Debug|Any CPU
		{EC0FC468-8808-4625-99EE-13904B69BF2B}.Debug|Any CPU.Build.0 = Debug|Any CPU
		{EC0FC468-8808-4625-99EE-13904B69BF2B}.Release|Any CPU.ActiveCfg = Release|Any CPU
		{EC0FC468-8808-4625-99EE-13904B69BF2B}.Release|Any CPU.Build.0 = Release|Any CPU
	EndGlobalSection
	GlobalSection(SolutionProperties) = preSolution
		HideSolutionNode = FALSE
	EndGlobalSection
	GlobalSection(ExtensibilityGlobals) = postSolution
		SolutionGuid = {C52F3418-C577-44FF-AE9D-345DDF058A31}
	EndGlobalSection
EndGlobal
